// !$*UTF8*$!
{
	archiveVersion = 1;
	classes = {
	};
	objectVersion = 46;
	objects = {

/* Begin PBXBuildFile section */
		661078E31A044D830096479F /* main.m in Sources */ = {isa = PBXBuildFile; fileRef = 661078E21A044D830096479F /* main.m */; };
		661078E61A044D830096479F /* AppDelegate.m in Sources */ = {isa = PBXBuildFile; fileRef = 661078E51A044D830096479F /* AppDelegate.m */; };
		661078E91A044D830096479F /* EventTableViewController.m in Sources */ = {isa = PBXBuildFile; fileRef = 661078E81A044D830096479F /* EventTableViewController.m */; };
		661078EC1A044D830096479F /* Main.storyboard in Resources */ = {isa = PBXBuildFile; fileRef = 661078EA1A044D830096479F /* Main.storyboard */; };
		661078EE1A044D830096479F /* Images.xcassets in Resources */ = {isa = PBXBuildFile; fileRef = 661078ED1A044D830096479F /* Images.xcassets */; };
		661078F11A044D830096479F /* LaunchScreen.xib in Resources */ = {isa = PBXBuildFile; fileRef = 661078EF1A044D830096479F /* LaunchScreen.xib */; };
		661078FD1A044D830096479F /* PunctualTimeTests.m in Sources */ = {isa = PBXBuildFile; fileRef = 661078FC1A044D830096479F /* PunctualTimeTests.m */; };
		6610790A1A04642E0096479F /* CoreLocation.framework in Frameworks */ = {isa = PBXBuildFile; fileRef = 661079091A04642E0096479F /* CoreLocation.framework */; };
		661079151A057A7A0096479F /* LocationSearchController.m in Sources */ = {isa = PBXBuildFile; fileRef = 661079141A057A7A0096479F /* LocationSearchController.m */; };
		664978551A0ACCF90081EA43 /* FirstViewController.m in Sources */ = {isa = PBXBuildFile; fileRef = 664978541A0ACCF90081EA43 /* FirstViewController.m */; };
		6649BF041A080367007B447B /* SearchTableViewController.m in Sources */ = {isa = PBXBuildFile; fileRef = 6649BF031A080367007B447B /* SearchTableViewController.m */; };
		6649BF3F1A0966EF007B447B /* CreateEventViewController.m in Sources */ = {isa = PBXBuildFile; fileRef = 6649BF3E1A0966EF007B447B /* CreateEventViewController.m */; };
		6649BF451A09A3BD007B447B /* LocationInfo.m in Sources */ = {isa = PBXBuildFile; fileRef = 6649BF441A09A3BD007B447B /* LocationInfo.m */; };
		6649BF471A09B279007B447B /* Foundation.framework in Frameworks */ = {isa = PBXBuildFile; fileRef = 6649BF461A09B279007B447B /* Foundation.framework */; };
		66AEFC3A1A0EF91900DE871B /* DatePickerViewController.m in Sources */ = {isa = PBXBuildFile; fileRef = 66AEFC391A0EF91900DE871B /* DatePickerViewController.m */; };
		E9ACBB7A1A054E3700F56EBA /* EventController.m in Sources */ = {isa = PBXBuildFile; fileRef = E9ACBB791A054E3700F56EBA /* EventController.m */; };
		E9ACBB7F1A05753000F56EBA /* UserLocationManager.m in Sources */ = {isa = PBXBuildFile; fileRef = E9ACBB7E1A05753000F56EBA /* UserLocationManager.m */; };
		E9D79C361A046DE600C9D65F /* Event.m in Sources */ = {isa = PBXBuildFile; fileRef = E9D79C351A046DE600C9D65F /* Event.m */; };
/* End PBXBuildFile section */

/* Begin PBXContainerItemProxy section */
		661078F71A044D830096479F /* PBXContainerItemProxy */ = {
			isa = PBXContainerItemProxy;
			containerPortal = 661078D51A044D830096479F /* Project object */;
			proxyType = 1;
			remoteGlobalIDString = 661078DC1A044D830096479F;
			remoteInfo = PunctualTime;
		};
/* End PBXContainerItemProxy section */

/* Begin PBXFileReference section */
		661078DD1A044D830096479F /* PunctualTime.app */ = {isa = PBXFileReference; explicitFileType = wrapper.application; includeInIndex = 0; path = PunctualTime.app; sourceTree = BUILT_PRODUCTS_DIR; };
		661078E11A044D830096479F /* Info.plist */ = {isa = PBXFileReference; lastKnownFileType = text.plist.xml; path = Info.plist; sourceTree = "<group>"; };
		661078E21A044D830096479F /* main.m */ = {isa = PBXFileReference; lastKnownFileType = sourcecode.c.objc; path = main.m; sourceTree = "<group>"; };
		661078E41A044D830096479F /* AppDelegate.h */ = {isa = PBXFileReference; lastKnownFileType = sourcecode.c.h; path = AppDelegate.h; sourceTree = "<group>"; };
		661078E51A044D830096479F /* AppDelegate.m */ = {isa = PBXFileReference; lastKnownFileType = sourcecode.c.objc; path = AppDelegate.m; sourceTree = "<group>"; };
		661078E71A044D830096479F /* EventTableViewController.h */ = {isa = PBXFileReference; lastKnownFileType = sourcecode.c.h; path = EventTableViewController.h; sourceTree = "<group>"; };
		661078E81A044D830096479F /* EventTableViewController.m */ = {isa = PBXFileReference; lastKnownFileType = sourcecode.c.objc; path = EventTableViewController.m; sourceTree = "<group>"; };
		661078EB1A044D830096479F /* Base */ = {isa = PBXFileReference; lastKnownFileType = file.storyboard; name = Base; path = Base.lproj/Main.storyboard; sourceTree = "<group>"; };
		661078ED1A044D830096479F /* Images.xcassets */ = {isa = PBXFileReference; lastKnownFileType = folder.assetcatalog; path = Images.xcassets; sourceTree = "<group>"; };
		661078F01A044D830096479F /* Base */ = {isa = PBXFileReference; lastKnownFileType = file.xib; name = Base; path = Base.lproj/LaunchScreen.xib; sourceTree = "<group>"; };
		661078F61A044D830096479F /* PunctualTimeTests.xctest */ = {isa = PBXFileReference; explicitFileType = wrapper.cfbundle; includeInIndex = 0; path = PunctualTimeTests.xctest; sourceTree = BUILT_PRODUCTS_DIR; };
		661078FB1A044D830096479F /* Info.plist */ = {isa = PBXFileReference; lastKnownFileType = text.plist.xml; path = Info.plist; sourceTree = "<group>"; };
		661078FC1A044D830096479F /* PunctualTimeTests.m */ = {isa = PBXFileReference; lastKnownFileType = sourcecode.c.objc; path = PunctualTimeTests.m; sourceTree = "<group>"; };
		661079091A04642E0096479F /* CoreLocation.framework */ = {isa = PBXFileReference; lastKnownFileType = wrapper.framework; name = CoreLocation.framework; path = System/Library/Frameworks/CoreLocation.framework; sourceTree = SDKROOT; };
		661079131A057A7A0096479F /* LocationSearchController.h */ = {isa = PBXFileReference; fileEncoding = 4; lastKnownFileType = sourcecode.c.h; path = LocationSearchController.h; sourceTree = "<group>"; };
		661079141A057A7A0096479F /* LocationSearchController.m */ = {isa = PBXFileReference; fileEncoding = 4; lastKnownFileType = sourcecode.c.objc; path = LocationSearchController.m; sourceTree = "<group>"; };
		664978531A0ACCF90081EA43 /* FirstViewController.h */ = {isa = PBXFileReference; fileEncoding = 4; lastKnownFileType = sourcecode.c.h; path = FirstViewController.h; sourceTree = "<group>"; };
		664978541A0ACCF90081EA43 /* FirstViewController.m */ = {isa = PBXFileReference; fileEncoding = 4; lastKnownFileType = sourcecode.c.objc; path = FirstViewController.m; sourceTree = "<group>"; };
		6649BF021A080367007B447B /* SearchTableViewController.h */ = {isa = PBXFileReference; fileEncoding = 4; lastKnownFileType = sourcecode.c.h; path = SearchTableViewController.h; sourceTree = "<group>"; };
		6649BF031A080367007B447B /* SearchTableViewController.m */ = {isa = PBXFileReference; fileEncoding = 4; lastKnownFileType = sourcecode.c.objc; path = SearchTableViewController.m; sourceTree = "<group>"; };
		6649BF3D1A0966EF007B447B /* CreateEventViewController.h */ = {isa = PBXFileReference; fileEncoding = 4; lastKnownFileType = sourcecode.c.h; path = CreateEventViewController.h; sourceTree = "<group>"; };
		6649BF3E1A0966EF007B447B /* CreateEventViewController.m */ = {isa = PBXFileReference; fileEncoding = 4; lastKnownFileType = sourcecode.c.objc; path = CreateEventViewController.m; sourceTree = "<group>"; };
		6649BF431A09A3BD007B447B /* LocationInfo.h */ = {isa = PBXFileReference; fileEncoding = 4; lastKnownFileType = sourcecode.c.h; path = LocationInfo.h; sourceTree = "<group>"; };
		6649BF441A09A3BD007B447B /* LocationInfo.m */ = {isa = PBXFileReference; fileEncoding = 4; lastKnownFileType = sourcecode.c.objc; path = LocationInfo.m; sourceTree = "<group>"; };
		6649BF461A09B279007B447B /* Foundation.framework */ = {isa = PBXFileReference; lastKnownFileType = wrapper.framework; name = Foundation.framework; path = System/Library/Frameworks/Foundation.framework; sourceTree = SDKROOT; };
		66AEFC381A0EF91900DE871B /* DatePickerViewController.h */ = {isa = PBXFileReference; fileEncoding = 4; lastKnownFileType = sourcecode.c.h; path = DatePickerViewController.h; sourceTree = "<group>"; };
		66AEFC391A0EF91900DE871B /* DatePickerViewController.m */ = {isa = PBXFileReference; fileEncoding = 4; lastKnownFileType = sourcecode.c.objc; path = DatePickerViewController.m; sourceTree = "<group>"; };
		E9ACBB781A054E3700F56EBA /* EventController.h */ = {isa = PBXFileReference; fileEncoding = 4; lastKnownFileType = sourcecode.c.h; path = EventController.h; sourceTree = "<group>"; };
		E9ACBB791A054E3700F56EBA /* EventController.m */ = {isa = PBXFileReference; fileEncoding = 4; lastKnownFileType = sourcecode.c.objc; path = EventController.m; sourceTree = "<group>"; };
		E9ACBB7D1A05753000F56EBA /* UserLocationManager.h */ = {isa = PBXFileReference; fileEncoding = 4; lastKnownFileType = sourcecode.c.h; path = UserLocationManager.h; sourceTree = "<group>"; };
		E9ACBB7E1A05753000F56EBA /* UserLocationManager.m */ = {isa = PBXFileReference; fileEncoding = 4; lastKnownFileType = sourcecode.c.objc; path = UserLocationManager.m; sourceTree = "<group>"; };
		E9BECF311A0983CF006ABCF9 /* Constants.h */ = {isa = PBXFileReference; lastKnownFileType = sourcecode.c.h; path = Constants.h; sourceTree = "<group>"; };
		E9D79C341A046DE600C9D65F /* Event.h */ = {isa = PBXFileReference; fileEncoding = 4; lastKnownFileType = sourcecode.c.h; path = Event.h; sourceTree = "<group>"; };
		E9D79C351A046DE600C9D65F /* Event.m */ = {isa = PBXFileReference; fileEncoding = 4; lastKnownFileType = sourcecode.c.objc; path = Event.m; sourceTree = "<group>"; };
/* End PBXFileReference section */

/* Begin PBXFrameworksBuildPhase section */
		661078DA1A044D830096479F /* Frameworks */ = {
			isa = PBXFrameworksBuildPhase;
			buildActionMask = 2147483647;
			files = (
				6649BF471A09B279007B447B /* Foundation.framework in Frameworks */,
				6610790A1A04642E0096479F /* CoreLocation.framework in Frameworks */,
			);
			runOnlyForDeploymentPostprocessing = 0;
		};
		661078F31A044D830096479F /* Frameworks */ = {
			isa = PBXFrameworksBuildPhase;
			buildActionMask = 2147483647;
			files = (
			);
			runOnlyForDeploymentPostprocessing = 0;
		};
/* End PBXFrameworksBuildPhase section */

/* Begin PBXGroup section */
		661078D41A044D830096479F = {
			isa = PBXGroup;
			children = (
				661078DF1A044D830096479F /* PunctualTime */,
				661078F91A044D830096479F /* PunctualTimeTests */,
				661078DE1A044D830096479F /* Products */,
				E90100DD1A046D2E00D44789 /* Frameworks */,
			);
			sourceTree = "<group>";
		};
		661078DE1A044D830096479F /* Products */ = {
			isa = PBXGroup;
			children = (
				661078DD1A044D830096479F /* PunctualTime.app */,
				661078F61A044D830096479F /* PunctualTimeTests.xctest */,
			);
			name = Products;
			sourceTree = "<group>";
		};
		661078DF1A044D830096479F /* PunctualTime */ = {
			isa = PBXGroup;
			children = (
				661078E41A044D830096479F /* AppDelegate.h */,
				661078E51A044D830096479F /* AppDelegate.m */,
				E9BECF311A0983CF006ABCF9 /* Constants.h */,
				E9ACBB7C1A054E7400F56EBA /* View Controllers */,
				E9ACBB7B1A054E6000F56EBA /* Data Controllers */,
				E9D79C371A046E1D00C9D65F /* Model */,
				E9558B2E1A04636200A45E87 /* Storyboard */,
				661078EF1A044D830096479F /* LaunchScreen.xib */,
				661078ED1A044D830096479F /* Images.xcassets */,
				661078E01A044D830096479F /* Supporting Files */,
			);
			path = PunctualTime;
			sourceTree = "<group>";
		};
		661078E01A044D830096479F /* Supporting Files */ = {
			isa = PBXGroup;
			children = (
				661078E11A044D830096479F /* Info.plist */,
				661078E21A044D830096479F /* main.m */,
			);
			name = "Supporting Files";
			sourceTree = "<group>";
		};
		661078F91A044D830096479F /* PunctualTimeTests */ = {
			isa = PBXGroup;
			children = (
				661078FC1A044D830096479F /* PunctualTimeTests.m */,
				661078FA1A044D830096479F /* Supporting Files */,
			);
			path = PunctualTimeTests;
			sourceTree = "<group>";
		};
		661078FA1A044D830096479F /* Supporting Files */ = {
			isa = PBXGroup;
			children = (
				661078FB1A044D830096479F /* Info.plist */,
			);
			name = "Supporting Files";
			sourceTree = "<group>";
		};
		E90100DD1A046D2E00D44789 /* Frameworks */ = {
			isa = PBXGroup;
			children = (
				6649BF461A09B279007B447B /* Foundation.framework */,
				661079091A04642E0096479F /* CoreLocation.framework */,
			);
			name = Frameworks;
			sourceTree = "<group>";
		};
		E9558B2E1A04636200A45E87 /* Storyboard */ = {
			isa = PBXGroup;
			children = (
				661078EA1A044D830096479F /* Main.storyboard */,
			);
			name = Storyboard;
			sourceTree = "<group>";
		};
		E9ACBB7B1A054E6000F56EBA /* Data Controllers */ = {
			isa = PBXGroup;
			children = (
				E9ACBB7D1A05753000F56EBA /* UserLocationManager.h */,
				E9ACBB7E1A05753000F56EBA /* UserLocationManager.m */,
				E9ACBB781A054E3700F56EBA /* EventController.h */,
				E9ACBB791A054E3700F56EBA /* EventController.m */,
				661079131A057A7A0096479F /* LocationSearchController.h */,
				661079141A057A7A0096479F /* LocationSearchController.m */,
			);
			name = "Data Controllers";
			sourceTree = "<group>";
		};
		E9ACBB7C1A054E7400F56EBA /* View Controllers */ = {
			isa = PBXGroup;
			children = (
				661078E71A044D830096479F /* EventTableViewController.h */,
				661078E81A044D830096479F /* EventTableViewController.m */,
				6649BF3D1A0966EF007B447B /* CreateEventViewController.h */,
				6649BF3E1A0966EF007B447B /* CreateEventViewController.m */,
				6649BF021A080367007B447B /* SearchTableViewController.h */,
				6649BF031A080367007B447B /* SearchTableViewController.m */,
				664978531A0ACCF90081EA43 /* FirstViewController.h */,
				664978541A0ACCF90081EA43 /* FirstViewController.m */,
				66AEFC381A0EF91900DE871B /* DatePickerViewController.h */,
				66AEFC391A0EF91900DE871B /* DatePickerViewController.m */,
			);
			name = "View Controllers";
			sourceTree = "<group>";
		};
		E9D79C371A046E1D00C9D65F /* Model */ = {
			isa = PBXGroup;
			children = (
				E9D79C341A046DE600C9D65F /* Event.h */,
				E9D79C351A046DE600C9D65F /* Event.m */,
				6649BF431A09A3BD007B447B /* LocationInfo.h */,
				6649BF441A09A3BD007B447B /* LocationInfo.m */,
			);
			name = Model;
			sourceTree = "<group>";
		};
/* End PBXGroup section */

/* Begin PBXNativeTarget section */
		661078DC1A044D830096479F /* PunctualTime */ = {
			isa = PBXNativeTarget;
			buildConfigurationList = 661079001A044D830096479F /* Build configuration list for PBXNativeTarget "PunctualTime" */;
			buildPhases = (
				661078D91A044D830096479F /* Sources */,
				661078DA1A044D830096479F /* Frameworks */,
				661078DB1A044D830096479F /* Resources */,
			);
			buildRules = (
			);
			dependencies = (
			);
			name = PunctualTime;
			productName = PunctualTime;
			productReference = 661078DD1A044D830096479F /* PunctualTime.app */;
			productType = "com.apple.product-type.application";
		};
		661078F51A044D830096479F /* PunctualTimeTests */ = {
			isa = PBXNativeTarget;
			buildConfigurationList = 661079031A044D830096479F /* Build configuration list for PBXNativeTarget "PunctualTimeTests" */;
			buildPhases = (
				661078F21A044D830096479F /* Sources */,
				661078F31A044D830096479F /* Frameworks */,
				661078F41A044D830096479F /* Resources */,
			);
			buildRules = (
			);
			dependencies = (
				661078F81A044D830096479F /* PBXTargetDependency */,
			);
			name = PunctualTimeTests;
			productName = PunctualTimeTests;
			productReference = 661078F61A044D830096479F /* PunctualTimeTests.xctest */;
			productType = "com.apple.product-type.bundle.unit-test";
		};
/* End PBXNativeTarget section */

/* Begin PBXProject section */
		661078D51A044D830096479F /* Project object */ = {
			isa = PBXProject;
			attributes = {
				LastUpgradeCheck = 0610;
				ORGANIZATIONNAME = "The Timers";
				TargetAttributes = {
					661078DC1A044D830096479F = {
						CreatedOnToolsVersion = 6.1;
						DevelopmentTeam = UT4Y62N2LT;
						SystemCapabilities = {
							com.apple.BackgroundModes = {
								enabled = 1;
							};
							com.apple.Maps.iOS = {
								enabled = 0;
							};
						};
					};
					661078F51A044D830096479F = {
						CreatedOnToolsVersion = 6.1;
						DevelopmentTeam = UT4Y62N2LT;
						TestTargetID = 661078DC1A044D830096479F;
					};
				};
			};
			buildConfigurationList = 661078D81A044D830096479F /* Build configuration list for PBXProject "PunctualTime" */;
			compatibilityVersion = "Xcode 3.2";
			developmentRegion = English;
			hasScannedForEncodings = 0;
			knownRegions = (
				en,
				Base,
			);
			mainGroup = 661078D41A044D830096479F;
			productRefGroup = 661078DE1A044D830096479F /* Products */;
			projectDirPath = "";
			projectRoot = "";
			targets = (
				661078DC1A044D830096479F /* PunctualTime */,
				661078F51A044D830096479F /* PunctualTimeTests */,
			);
		};
/* End PBXProject section */

/* Begin PBXResourcesBuildPhase section */
		661078DB1A044D830096479F /* Resources */ = {
			isa = PBXResourcesBuildPhase;
			buildActionMask = 2147483647;
			files = (
				661078EC1A044D830096479F /* Main.storyboard in Resources */,
				661078F11A044D830096479F /* LaunchScreen.xib in Resources */,
				661078EE1A044D830096479F /* Images.xcassets in Resources */,
			);
			runOnlyForDeploymentPostprocessing = 0;
		};
		661078F41A044D830096479F /* Resources */ = {
			isa = PBXResourcesBuildPhase;
			buildActionMask = 2147483647;
			files = (
			);
			runOnlyForDeploymentPostprocessing = 0;
		};
/* End PBXResourcesBuildPhase section */

/* Begin PBXSourcesBuildPhase section */
		661078D91A044D830096479F /* Sources */ = {
			isa = PBXSourcesBuildPhase;
			buildActionMask = 2147483647;
			files = (
				664978551A0ACCF90081EA43 /* FirstViewController.m in Sources */,
				661079151A057A7A0096479F /* LocationSearchController.m in Sources */,
				661078E91A044D830096479F /* EventTableViewController.m in Sources */,
				661078E61A044D830096479F /* AppDelegate.m in Sources */,
				66AEFC3A1A0EF91900DE871B /* DatePickerViewController.m in Sources */,
				6649BF041A080367007B447B /* SearchTableViewController.m in Sources */,
				E9D79C361A046DE600C9D65F /* Event.m in Sources */,
				6649BF451A09A3BD007B447B /* LocationInfo.m in Sources */,
				6649BF3F1A0966EF007B447B /* CreateEventViewController.m in Sources */,
				661078E31A044D830096479F /* main.m in Sources */,
				E9ACBB7F1A05753000F56EBA /* UserLocationManager.m in Sources */,
				E9ACBB7A1A054E3700F56EBA /* EventController.m in Sources */,
			);
			runOnlyForDeploymentPostprocessing = 0;
		};
		661078F21A044D830096479F /* Sources */ = {
			isa = PBXSourcesBuildPhase;
			buildActionMask = 2147483647;
			files = (
				661078FD1A044D830096479F /* PunctualTimeTests.m in Sources */,
			);
			runOnlyForDeploymentPostprocessing = 0;
		};
/* End PBXSourcesBuildPhase section */

/* Begin PBXTargetDependency section */
		661078F81A044D830096479F /* PBXTargetDependency */ = {
			isa = PBXTargetDependency;
			target = 661078DC1A044D830096479F /* PunctualTime */;
			targetProxy = 661078F71A044D830096479F /* PBXContainerItemProxy */;
		};
/* End PBXTargetDependency section */

/* Begin PBXVariantGroup section */
		661078EA1A044D830096479F /* Main.storyboard */ = {
			isa = PBXVariantGroup;
			children = (
				661078EB1A044D830096479F /* Base */,
			);
			name = Main.storyboard;
			sourceTree = "<group>";
		};
		661078EF1A044D830096479F /* LaunchScreen.xib */ = {
			isa = PBXVariantGroup;
			children = (
				661078F01A044D830096479F /* Base */,
			);
			name = LaunchScreen.xib;
			sourceTree = "<group>";
		};
/* End PBXVariantGroup section */

/* Begin XCBuildConfiguration section */
		661078FE1A044D830096479F /* Debug */ = {
			isa = XCBuildConfiguration;
			buildSettings = {
				ALWAYS_SEARCH_USER_PATHS = NO;
				CLANG_CXX_LANGUAGE_STANDARD = "gnu++0x";
				CLANG_CXX_LIBRARY = "libc++";
				CLANG_ENABLE_MODULES = YES;
				CLANG_ENABLE_OBJC_ARC = YES;
				CLANG_WARN_BOOL_CONVERSION = YES;
				CLANG_WARN_CONSTANT_CONVERSION = YES;
				CLANG_WARN_DIRECT_OBJC_ISA_USAGE = YES_ERROR;
				CLANG_WARN_EMPTY_BODY = YES;
				CLANG_WARN_ENUM_CONVERSION = YES;
				CLANG_WARN_INT_CONVERSION = YES;
				CLANG_WARN_OBJC_ROOT_CLASS = YES_ERROR;
				CLANG_WARN_UNREACHABLE_CODE = YES;
				CLANG_WARN__DUPLICATE_METHOD_MATCH = YES;
				CODE_SIGN_IDENTITY = "iPhone Developer";
				"CODE_SIGN_IDENTITY[sdk=iphoneos*]" = "iPhone Developer";
				COPY_PHASE_STRIP = NO;
				ENABLE_STRICT_OBJC_MSGSEND = YES;
				GCC_C_LANGUAGE_STANDARD = gnu99;
				GCC_DYNAMIC_NO_PIC = NO;
				GCC_OPTIMIZATION_LEVEL = 0;
				GCC_PREPROCESSOR_DEFINITIONS = (
					"DEBUG=1",
					"$(inherited)",
				);
				GCC_SYMBOLS_PRIVATE_EXTERN = NO;
				GCC_WARN_64_TO_32_BIT_CONVERSION = YES;
				GCC_WARN_ABOUT_RETURN_TYPE = YES_ERROR;
				GCC_WARN_UNDECLARED_SELECTOR = YES;
				GCC_WARN_UNINITIALIZED_AUTOS = YES_AGGRESSIVE;
				GCC_WARN_UNUSED_FUNCTION = YES;
				GCC_WARN_UNUSED_VARIABLE = YES;
				IPHONEOS_DEPLOYMENT_TARGET = 8.1;
				MTL_ENABLE_DEBUG_INFO = YES;
				ONLY_ACTIVE_ARCH = YES;
				PROVISIONING_PROFILE = "";
				SDKROOT = iphoneos;
			};
			name = Debug;
		};
		661078FF1A044D830096479F /* Release */ = {
			isa = XCBuildConfiguration;
			buildSettings = {
				ALWAYS_SEARCH_USER_PATHS = NO;
				CLANG_CXX_LANGUAGE_STANDARD = "gnu++0x";
				CLANG_CXX_LIBRARY = "libc++";
				CLANG_ENABLE_MODULES = YES;
				CLANG_ENABLE_OBJC_ARC = YES;
				CLANG_WARN_BOOL_CONVERSION = YES;
				CLANG_WARN_CONSTANT_CONVERSION = YES;
				CLANG_WARN_DIRECT_OBJC_ISA_USAGE = YES_ERROR;
				CLANG_WARN_EMPTY_BODY = YES;
				CLANG_WARN_ENUM_CONVERSION = YES;
				CLANG_WARN_INT_CONVERSION = YES;
				CLANG_WARN_OBJC_ROOT_CLASS = YES_ERROR;
				CLANG_WARN_UNREACHABLE_CODE = YES;
				CLANG_WARN__DUPLICATE_METHOD_MATCH = YES;
				CODE_SIGN_IDENTITY = "iPhone Developer";
				"CODE_SIGN_IDENTITY[sdk=iphoneos*]" = "iPhone Developer";
				COPY_PHASE_STRIP = YES;
				ENABLE_NS_ASSERTIONS = NO;
				ENABLE_STRICT_OBJC_MSGSEND = YES;
				GCC_C_LANGUAGE_STANDARD = gnu99;
				GCC_WARN_64_TO_32_BIT_CONVERSION = YES;
				GCC_WARN_ABOUT_RETURN_TYPE = YES_ERROR;
				GCC_WARN_UNDECLARED_SELECTOR = YES;
				GCC_WARN_UNINITIALIZED_AUTOS = YES_AGGRESSIVE;
				GCC_WARN_UNUSED_FUNCTION = YES;
				GCC_WARN_UNUSED_VARIABLE = YES;
				IPHONEOS_DEPLOYMENT_TARGET = 8.1;
				MTL_ENABLE_DEBUG_INFO = NO;
				PROVISIONING_PROFILE = "";
				SDKROOT = iphoneos;
				VALIDATE_PRODUCT = YES;
			};
			name = Release;
		};
		661079011A044D830096479F /* Debug */ = {
			isa = XCBuildConfiguration;
			buildSettings = {
				ASSETCATALOG_COMPILER_APPICON_NAME = AppIcon;
				CODE_SIGN_IDENTITY = "iPhone Developer";
				INFOPLIST_FILE = PunctualTime/Info.plist;
				LD_RUNPATH_SEARCH_PATHS = "$(inherited) @executable_path/Frameworks";
				PRODUCT_NAME = "$(TARGET_NAME)";
				PROVISIONING_PROFILE = "";
			};
			name = Debug;
		};
		661079021A044D830096479F /* Release */ = {
			isa = XCBuildConfiguration;
			buildSettings = {
				ASSETCATALOG_COMPILER_APPICON_NAME = AppIcon;
				CODE_SIGN_IDENTITY = "iPhone Developer";
				"CODE_SIGN_IDENTITY[sdk=iphoneos*]" = "iPhone Developer";
				INFOPLIST_FILE = PunctualTime/Info.plist;
				LD_RUNPATH_SEARCH_PATHS = "$(inherited) @executable_path/Frameworks";
				PRODUCT_NAME = "$(TARGET_NAME)";
				PROVISIONING_PROFILE = "";
			};
			name = Release;
		};
		661079041A044D830096479F /* Debug */ = {
			isa = XCBuildConfiguration;
			buildSettings = {
				BUNDLE_LOADER = "$(TEST_HOST)";
				CODE_SIGN_IDENTITY = "iPhone Developer";
				FRAMEWORK_SEARCH_PATHS = (
					"$(SDKROOT)/Developer/Library/Frameworks",
					"$(inherited)",
				);
				GCC_PREPROCESSOR_DEFINITIONS = (
					"DEBUG=1",
					"$(inherited)",
				);
				INFOPLIST_FILE = PunctualTimeTests/Info.plist;
				LD_RUNPATH_SEARCH_PATHS = "$(inherited) @executable_path/Frameworks @loader_path/Frameworks";
				PRODUCT_NAME = "$(TARGET_NAME)";
				PROVISIONING_PROFILE = "";
				TEST_HOST = "$(BUILT_PRODUCTS_DIR)/PunctualTime.app/PunctualTime";
			};
			name = Debug;
		};
		661079051A044D830096479F /* Release */ = {
			isa = XCBuildConfiguration;
			buildSettings = {
				BUNDLE_LOADER = "$(TEST_HOST)";
				CODE_SIGN_IDENTITY = "iPhone Developer";
				FRAMEWORK_SEARCH_PATHS = (
					"$(SDKROOT)/Developer/Library/Frameworks",
					"$(inherited)",
				);
				INFOPLIST_FILE = PunctualTimeTests/Info.plist;
				LD_RUNPATH_SEARCH_PATHS = "$(inherited) @executable_path/Frameworks @loader_path/Frameworks";
				PRODUCT_NAME = "$(TARGET_NAME)";
				PROVISIONING_PROFILE = "";
				TEST_HOST = "$(BUILT_PRODUCTS_DIR)/PunctualTime.app/PunctualTime";
			};
			name = Release;
		};
/* End XCBuildConfiguration section */

/* Begin XCConfigurationList section */
		661078D81A044D830096479F /* Build configuration list for PBXProject "PunctualTime" */ = {
			isa = XCConfigurationList;
			buildConfigurations = (
				661078FE1A044D830096479F /* Debug */,
				661078FF1A044D830096479F /* Release */,
			);
			defaultConfigurationIsVisible = 0;
			defaultConfigurationName = Release;
		};
		661079001A044D830096479F /* Build configuration list for PBXNativeTarget "PunctualTime" */ = {
			isa = XCConfigurationList;
			buildConfigurations = (
				661079011A044D830096479F /* Debug */,
				661079021A044D830096479F /* Release */,
			);
			defaultConfigurationIsVisible = 0;
			defaultConfigurationName = Release;
		};
		661079031A044D830096479F /* Build configuration list for PBXNativeTarget "PunctualTimeTests" */ = {
			isa = XCConfigurationList;
			buildConfigurations = (
				661079041A044D830096479F /* Debug */,
				661079051A044D830096479F /* Release */,
			);
			defaultConfigurationIsVisible = 0;
			defaultConfigurationName = Release;
		};
/* End XCConfigurationList section */
	};
	rootObject = 661078D51A044D830096479F /* Project object */;
}
